
Microsoft Visual Studio Solution File, Format Version 12.00
# Visual Studio 14
VisualStudioVersion = 14.0.25123.0
MinimumVisualStudioVersion = 10.0.40219.1
Project("{FAE04EC0-301F-11D3-BF4B-00C04F79EFBC}") = "EasyAppPcl.Droid", "EasyAppPcl\EasyAppPcl.Droid\EasyAppPcl.Droid.csproj", "{27036211-5C3A-4006-B96C-3F7CB147E3DF}"
EndProject
Project("{FAE04EC0-301F-11D3-BF4B-00C04F79EFBC}") = "EasyAppPcl.iOS", "EasyAppPcl\EasyAppPcl.iOS\EasyAppPcl.iOS.csproj", "{21895BD4-95DF-4C6B-A7FD-83E0FD4F0475}"
EndProject
Project("{FAE04EC0-301F-11D3-BF4B-00C04F79EFBC}") = "EasyAppPcl.WinPhone", "EasyAppPcl\EasyAppPcl.WinPhone\EasyAppPcl.WinPhone.csproj", "{71A9584B-6721-4FBF-B512-187549DE5CFF}"
EndProject
Project("{FAE04EC0-301F-11D3-BF4B-00C04F79EFBC}") = "EasyAppPcl.UWP", "EasyAppPcl\EasyAppPcl.UWP\EasyAppPcl.UWP.csproj", "{EBAF98D6-74EC-4A4A-8734-D48C53BD6D80}"
EndProject
Project("{FAE04EC0-301F-11D3-BF4B-00C04F79EFBC}") = "EasyAppPcl.Windows", "EasyAppPcl\EasyAppPcl.Windows\EasyAppPcl.Windows.csproj", "{FD61E81D-B755-4B3E-8844-4A8FC7C61F20}"
EndProject
Project("{FAE04EC0-301F-11D3-BF4B-00C04F79EFBC}") = "EasyAppPcl", "EasyAppPcl\EasyAppPcl\EasyAppPcl.csproj", "{93EB978D-1FEB-4E9B-93D6-97F047B306FC}"
EndProject
Global
	GlobalSection(SolutionConfigurationPlatforms) = preSolution
		Ad-Hoc|Any CPU = Ad-Hoc|Any CPU
		Ad-Hoc|ARM = Ad-Hoc|ARM
		Ad-Hoc|iPhone = Ad-Hoc|iPhone
		Ad-Hoc|iPhoneSimulator = Ad-Hoc|iPhoneSimulator
		Ad-Hoc|x64 = Ad-Hoc|x64
		Ad-Hoc|x86 = Ad-Hoc|x86
		AppStore|Any CPU = AppStore|Any CPU
		AppStore|ARM = AppStore|ARM
		AppStore|iPhone = AppStore|iPhone
		AppStore|iPhoneSimulator = AppStore|iPhoneSimulator
		AppStore|x64 = AppStore|x64
		AppStore|x86 = AppStore|x86
		Debug|Any CPU = Debug|Any CPU
		Debug|ARM = Debug|ARM
		Debug|iPhone = Debug|iPhone
		Debug|iPhoneSimulator = Debug|iPhoneSimulator
		Debug|x64 = Debug|x64
		Debug|x86 = Debug|x86
		Release|Any CPU = Release|Any CPU
		Release|ARM = Release|ARM
		Release|iPhone = Release|iPhone
		Release|iPhoneSimulator = Release|iPhoneSimulator
		Release|x64 = Release|x64
		Release|x86 = Release|x86
	EndGlobalSection
	GlobalSection(ProjectConfigurationPlatforms) = postSolution
		{27036211-5C3A-4006-B96C-3F7CB147E3DF}.Ad-Hoc|Any CPU.ActiveCfg = Release|Any CPU
		{27036211-5C3A-4006-B96C-3F7CB147E3DF}.Ad-Hoc|Any CPU.Build.0 = Release|Any CPU
		{27036211-5C3A-4006-B96C-3F7CB147E3DF}.Ad-Hoc|Any CPU.Deploy.0 = Release|Any CPU
		{27036211-5C3A-4006-B96C-3F7CB147E3DF}.Ad-Hoc|ARM.ActiveCfg = Release|Any CPU
		{27036211-5C3A-4006-B96C-3F7CB147E3DF}.Ad-Hoc|ARM.Build.0 = Release|Any CPU
		{27036211-5C3A-4006-B96C-3F7CB147E3DF}.Ad-Hoc|ARM.Deploy.0 = Release|Any CPU
		{27036211-5C3A-4006-B96C-3F7CB147E3DF}.Ad-Hoc|iPhone.ActiveCfg = Release|Any CPU
		{27036211-5C3A-4006-B96C-3F7CB147E3DF}.Ad-Hoc|iPhone.Build.0 = Release|Any CPU
		{27036211-5C3A-4006-B96C-3F7CB147E3DF}.Ad-Hoc|iPhone.Deploy.0 = Release|Any CPU
		{27036211-5C3A-4006-B96C-3F7CB147E3DF}.Ad-Hoc|iPhoneSimulator.ActiveCfg = Release|Any CPU
		{27036211-5C3A-4006-B96C-3F7CB147E3DF}.Ad-Hoc|iPhoneSimulator.Build.0 = Release|Any CPU
		{27036211-5C3A-4006-B96C-3F7CB147E3DF}.Ad-Hoc|iPhoneSimulator.Deploy.0 = Release|Any CPU
		{27036211-5C3A-4006-B96C-3F7CB147E3DF}.Ad-Hoc|x64.ActiveCfg = Release|Any CPU
		{27036211-5C3A-4006-B96C-3F7CB147E3DF}.Ad-Hoc|x64.Build.0 = Release|Any CPU
		{27036211-5C3A-4006-B96C-3F7CB147E3DF}.Ad-Hoc|x64.Deploy.0 = Release|Any CPU
		{27036211-5C3A-4006-B96C-3F7CB147E3DF}.Ad-Hoc|x86.ActiveCfg = Release|Any CPU
		{27036211-5C3A-4006-B96C-3F7CB147E3DF}.Ad-Hoc|x86.Build.0 = Release|Any CPU
		{27036211-5C3A-4006-B96C-3F7CB147E3DF}.Ad-Hoc|x86.Deploy.0 = Release|Any CPU
		{27036211-5C3A-4006-B96C-3F7CB147E3DF}.AppStore|Any CPU.ActiveCfg = Release|Any CPU
		{27036211-5C3A-4006-B96C-3F7CB147E3DF}.AppStore|Any CPU.Build.0 = Release|Any CPU
		{27036211-5C3A-4006-B96C-3F7CB147E3DF}.AppStore|Any CPU.Deploy.0 = Release|Any CPU
		{27036211-5C3A-4006-B96C-3F7CB147E3DF}.AppStore|ARM.ActiveCfg = Release|Any CPU
		{27036211-5C3A-4006-B96C-3F7CB147E3DF}.AppStore|ARM.Build.0 = Release|Any CPU
		{27036211-5C3A-4006-B96C-3F7CB147E3DF}.AppStore|ARM.Deploy.0 = Release|Any CPU
		{27036211-5C3A-4006-B96C-3F7CB147E3DF}.AppStore|iPhone.ActiveCfg = Release|Any CPU
		{27036211-5C3A-4006-B96C-3F7CB147E3DF}.AppStore|iPhone.Build.0 = Release|Any CPU
		{27036211-5C3A-4006-B96C-3F7CB147E3DF}.AppStore|iPhone.Deploy.0 = Release|Any CPU
		{27036211-5C3A-4006-B96C-3F7CB147E3DF}.AppStore|iPhoneSimulator.ActiveCfg = Release|Any CPU
		{27036211-5C3A-4006-B96C-3F7CB147E3DF}.AppStore|iPhoneSimulator.Build.0 = Release|Any CPU
		{27036211-5C3A-4006-B96C-3F7CB147E3DF}.AppStore|iPhoneSimulator.Deploy.0 = Release|Any CPU
		{27036211-5C3A-4006-B96C-3F7CB147E3DF}.AppStore|x64.ActiveCfg = Release|Any CPU
		{27036211-5C3A-4006-B96C-3F7CB147E3DF}.AppStore|x64.Build.0 = Release|Any CPU
		{27036211-5C3A-4006-B96C-3F7CB147E3DF}.AppStore|x64.Deploy.0 = Release|Any CPU
		{27036211-5C3A-4006-B96C-3F7CB147E3DF}.AppStore|x86.ActiveCfg = Release|Any CPU
		{27036211-5C3A-4006-B96C-3F7CB147E3DF}.AppStore|x86.Build.0 = Release|Any CPU
		{27036211-5C3A-4006-B96C-3F7CB147E3DF}.AppStore|x86.Deploy.0 = Release|Any CPU
		{27036211-5C3A-4006-B96C-3F7CB147E3DF}.Debug|Any CPU.ActiveCfg = Debug|Any CPU
		{27036211-5C3A-4006-B96C-3F7CB147E3DF}.Debug|Any CPU.Build.0 = Debug|Any CPU
		{27036211-5C3A-4006-B96C-3F7CB147E3DF}.Debug|Any CPU.Deploy.0 = Debug|Any CPU
		{27036211-5C3A-4006-B96C-3F7CB147E3DF}.Debug|ARM.ActiveCfg = Debug|Any CPU
		{27036211-5C3A-4006-B96C-3F7CB147E3DF}.Debug|ARM.Build.0 = Debug|Any CPU
		{27036211-5C3A-4006-B96C-3F7CB147E3DF}.Debug|ARM.Deploy.0 = Debug|Any CPU
		{27036211-5C3A-4006-B96C-3F7CB147E3DF}.Debug|iPhone.ActiveCfg = Debug|Any CPU
		{27036211-5C3A-4006-B96C-3F7CB147E3DF}.Debug|iPhone.Build.0 = Debug|Any CPU
		{27036211-5C3A-4006-B96C-3F7CB147E3DF}.Debug|iPhone.Deploy.0 = Debug|Any CPU
		{27036211-5C3A-4006-B96C-3F7CB147E3DF}.Debug|iPhoneSimulator.ActiveCfg = Debug|Any CPU
		{27036211-5C3A-4006-B96C-3F7CB147E3DF}.Debug|iPhoneSimulator.Build.0 = Debug|Any CPU
		{27036211-5C3A-4006-B96C-3F7CB147E3DF}.Debug|iPhoneSimulator.Deploy.0 = Debug|Any CPU
		{27036211-5C3A-4006-B96C-3F7CB147E3DF}.Debug|x64.ActiveCfg = Debug|Any CPU
		{27036211-5C3A-4006-B96C-3F7CB147E3DF}.Debug|x64.Build.0 = Debug|Any CPU
		{27036211-5C3A-4006-B96C-3F7CB147E3DF}.Debug|x64.Deploy.0 = Debug|Any CPU
		{27036211-5C3A-4006-B96C-3F7CB147E3DF}.Debug|x86.ActiveCfg = Debug|Any CPU
		{27036211-5C3A-4006-B96C-3F7CB147E3DF}.Debug|x86.Build.0 = Debug|Any CPU
		{27036211-5C3A-4006-B96C-3F7CB147E3DF}.Debug|x86.Deploy.0 = Debug|Any CPU
		{27036211-5C3A-4006-B96C-3F7CB147E3DF}.Release|Any CPU.ActiveCfg = Release|Any CPU
		{27036211-5C3A-4006-B96C-3F7CB147E3DF}.Release|Any CPU.Build.0 = Release|Any CPU
		{27036211-5C3A-4006-B96C-3F7CB147E3DF}.Release|Any CPU.Deploy.0 = Release|Any CPU
		{27036211-5C3A-4006-B96C-3F7CB147E3DF}.Release|ARM.ActiveCfg = Release|Any CPU
		{27036211-5C3A-4006-B96C-3F7CB147E3DF}.Release|ARM.Build.0 = Release|Any CPU
		{27036211-5C3A-4006-B96C-3F7CB147E3DF}.Release|ARM.Deploy.0 = Release|Any CPU
		{27036211-5C3A-4006-B96C-3F7CB147E3DF}.Release|iPhone.ActiveCfg = Release|Any CPU
		{27036211-5C3A-4006-B96C-3F7CB147E3DF}.Release|iPhone.Build.0 = Release|Any CPU
		{27036211-5C3A-4006-B96C-3F7CB147E3DF}.Release|iPhone.Deploy.0 = Release|Any CPU
		{27036211-5C3A-4006-B96C-3F7CB147E3DF}.Release|iPhoneSimulator.ActiveCfg = Release|Any CPU
		{27036211-5C3A-4006-B96C-3F7CB147E3DF}.Release|iPhoneSimulator.Build.0 = Release|Any CPU
		{27036211-5C3A-4006-B96C-3F7CB147E3DF}.Release|iPhoneSimulator.Deploy.0 = Release|Any CPU
		{27036211-5C3A-4006-B96C-3F7CB147E3DF}.Release|x64.ActiveCfg = Release|Any CPU
		{27036211-5C3A-4006-B96C-3F7CB147E3DF}.Release|x64.Build.0 = Release|Any CPU
		{27036211-5C3A-4006-B96C-3F7CB147E3DF}.Release|x64.Deploy.0 = Release|Any CPU
		{27036211-5C3A-4006-B96C-3F7CB147E3DF}.Release|x86.ActiveCfg = Release|Any CPU
		{27036211-5C3A-4006-B96C-3F7CB147E3DF}.Release|x86.Build.0 = Release|Any CPU
		{27036211-5C3A-4006-B96C-3F7CB147E3DF}.Release|x86.Deploy.0 = Release|Any CPU
		{21895BD4-95DF-4C6B-A7FD-83E0FD4F0475}.Ad-Hoc|Any CPU.ActiveCfg = Ad-Hoc|iPhone
		{21895BD4-95DF-4C6B-A7FD-83E0FD4F0475}.Ad-Hoc|ARM.ActiveCfg = Ad-Hoc|iPhone
		{21895BD4-95DF-4C6B-A7FD-83E0FD4F0475}.Ad-Hoc|iPhone.ActiveCfg = Ad-Hoc|iPhone
		{21895BD4-95DF-4C6B-A7FD-83E0FD4F0475}.Ad-Hoc|iPhone.Build.0 = Ad-Hoc|iPhone
		{21895BD4-95DF-4C6B-A7FD-83E0FD4F0475}.Ad-Hoc|iPhoneSimulator.ActiveCfg = Ad-Hoc|iPhoneSimulator
		{21895BD4-95DF-4C6B-A7FD-83E0FD4F0475}.Ad-Hoc|iPhoneSimulator.Build.0 = Ad-Hoc|iPhoneSimulator
		{21895BD4-95DF-4C6B-A7FD-83E0FD4F0475}.Ad-Hoc|x64.ActiveCfg = Ad-Hoc|iPhone
		{21895BD4-95DF-4C6B-A7FD-83E0FD4F0475}.Ad-Hoc|x86.ActiveCfg = Ad-Hoc|iPhone
		{21895BD4-95DF-4C6B-A7FD-83E0FD4F0475}.AppStore|Any CPU.ActiveCfg = AppStore|iPhone
		{21895BD4-95DF-4C6B-A7FD-83E0FD4F0475}.AppStore|ARM.ActiveCfg = AppStore|iPhone
		{21895BD4-95DF-4C6B-A7FD-83E0FD4F0475}.AppStore|iPhone.ActiveCfg = AppStore|iPhone
		{21895BD4-95DF-4C6B-A7FD-83E0FD4F0475}.AppStore|iPhone.Build.0 = AppStore|iPhone
		{21895BD4-95DF-4C6B-A7FD-83E0FD4F0475}.AppStore|iPhoneSimulator.ActiveCfg = AppStore|iPhoneSimulator
		{21895BD4-95DF-4C6B-A7FD-83E0FD4F0475}.AppStore|iPhoneSimulator.Build.0 = AppStore|iPhoneSimulator
		{21895BD4-95DF-4C6B-A7FD-83E0FD4F0475}.AppStore|x64.ActiveCfg = AppStore|iPhone
		{21895BD4-95DF-4C6B-A7FD-83E0FD4F0475}.AppStore|x86.ActiveCfg = AppStore|iPhone
		{21895BD4-95DF-4C6B-A7FD-83E0FD4F0475}.Debug|Any CPU.ActiveCfg = Debug|iPhone
		{21895BD4-95DF-4C6B-A7FD-83E0FD4F0475}.Debug|Any CPU.Build.0 = Debug|iPhone
		{21895BD4-95DF-4C6B-A7FD-83E0FD4F0475}.Debug|ARM.ActiveCfg = Debug|iPhone
		{21895BD4-95DF-4C6B-A7FD-83E0FD4F0475}.Debug|iPhone.ActiveCfg = Debug|iPhone
		{21895BD4-95DF-4C6B-A7FD-83E0FD4F0475}.Debug|iPhone.Build.0 = Debug|iPhone
		{21895BD4-95DF-4C6B-A7FD-83E0FD4F0475}.Debug|iPhoneSimulator.ActiveCfg = Debug|iPhoneSimulator
		{21895BD4-95DF-4C6B-A7FD-83E0FD4F0475}.Debug|iPhoneSimulator.Build.0 = Debug|iPhoneSimulator
		{21895BD4-95DF-4C6B-A7FD-83E0FD4F0475}.Debug|x64.ActiveCfg = Debug|iPhone
		{21895BD4-95DF-4C6B-A7FD-83E0FD4F0475}.Debug|x86.ActiveCfg = Debug|iPhone
		{21895BD4-95DF-4C6B-A7FD-83E0FD4F0475}.Release|Any CPU.ActiveCfg = Release|iPhone
		{21895BD4-95DF-4C6B-A7FD-83E0FD4F0475}.Release|ARM.ActiveCfg = Release|iPhone
		{21895BD4-95DF-4C6B-A7FD-83E0FD4F0475}.Release|iPhone.ActiveCfg = Release|iPhone
		{21895BD4-95DF-4C6B-A7FD-83E0FD4F0475}.Release|iPhone.Build.0 = Release|iPhone
		{21895BD4-95DF-4C6B-A7FD-83E0FD4F0475}.Release|iPhoneSimulator.ActiveCfg = Release|iPhoneSimulator
		{21895BD4-95DF-4C6B-A7FD-83E0FD4F0475}.Release|iPhoneSimulator.Build.0 = Release|iPhoneSimulator
		{21895BD4-95DF-4C6B-A7FD-83E0FD4F0475}.Release|x64.ActiveCfg = Release|iPhone
		{21895BD4-95DF-4C6B-A7FD-83E0FD4F0475}.Release|x86.ActiveCfg = Release|iPhone
		{71A9584B-6721-4FBF-B512-187549DE5CFF}.Ad-Hoc|Any CPU.ActiveCfg = Release|Any CPU
		{71A9584B-6721-4FBF-B512-187549DE5CFF}.Ad-Hoc|Any CPU.Build.0 = Release|Any CPU
		{71A9584B-6721-4FBF-B512-187549DE5CFF}.Ad-Hoc|Any CPU.Deploy.0 = Release|Any CPU
		{71A9584B-6721-4FBF-B512-187549DE5CFF}.Ad-Hoc|ARM.ActiveCfg = Release|ARM
		{71A9584B-6721-4FBF-B512-187549DE5CFF}.Ad-Hoc|ARM.Build.0 = Release|ARM
		{71A9584B-6721-4FBF-B512-187549DE5CFF}.Ad-Hoc|ARM.Deploy.0 = Release|ARM
		{71A9584B-6721-4FBF-B512-187549DE5CFF}.Ad-Hoc|iPhone.ActiveCfg = Release|Any CPU
		{71A9584B-6721-4FBF-B512-187549DE5CFF}.Ad-Hoc|iPhone.Build.0 = Release|Any CPU
		{71A9584B-6721-4FBF-B512-187549DE5CFF}.Ad-Hoc|iPhone.Deploy.0 = Release|Any CPU
		{71A9584B-6721-4FBF-B512-187549DE5CFF}.Ad-Hoc|iPhoneSimulator.ActiveCfg = Release|Any CPU
		{71A9584B-6721-4FBF-B512-187549DE5CFF}.Ad-Hoc|iPhoneSimulator.Build.0 = Release|Any CPU
		{71A9584B-6721-4FBF-B512-187549DE5CFF}.Ad-Hoc|iPhoneSimulator.Deploy.0 = Release|Any CPU
		{71A9584B-6721-4FBF-B512-187549DE5CFF}.Ad-Hoc|x64.ActiveCfg = Release|Any CPU
		{71A9584B-6721-4FBF-B512-187549DE5CFF}.Ad-Hoc|x64.Build.0 = Release|Any CPU
		{71A9584B-6721-4FBF-B512-187549DE5CFF}.Ad-Hoc|x64.Deploy.0 = Release|Any CPU
		{71A9584B-6721-4FBF-B512-187549DE5CFF}.Ad-Hoc|x86.ActiveCfg = Release|x86
		{71A9584B-6721-4FBF-B512-187549DE5CFF}.Ad-Hoc|x86.Build.0 = Release|x86
		{71A9584B-6721-4FBF-B512-187549DE5CFF}.Ad-Hoc|x86.Deploy.0 = Release|x86
		{71A9584B-6721-4FBF-B512-187549DE5CFF}.AppStore|Any CPU.ActiveCfg = Release|Any CPU
		{71A9584B-6721-4FBF-B512-187549DE5CFF}.AppStore|Any CPU.Build.0 = Release|Any CPU
		{71A9584B-6721-4FBF-B512-187549DE5CFF}.AppStore|Any CPU.Deploy.0 = Release|Any CPU
		{71A9584B-6721-4FBF-B512-187549DE5CFF}.AppStore|ARM.ActiveCfg = Release|ARM
		{71A9584B-6721-4FBF-B512-187549DE5CFF}.AppStore|ARM.Build.0 = Release|ARM
		{71A9584B-6721-4FBF-B512-187549DE5CFF}.AppStore|ARM.Deploy.0 = Release|ARM
		{71A9584B-6721-4FBF-B512-187549DE5CFF}.AppStore|iPhone.ActiveCfg = Release|Any CPU
		{71A9584B-6721-4FBF-B512-187549DE5CFF}.AppStore|iPhone.Build.0 = Release|Any CPU
		{71A9584B-6721-4FBF-B512-187549DE5CFF}.AppStore|iPhone.Deploy.0 = Release|Any CPU
		{71A9584B-6721-4FBF-B512-187549DE5CFF}.AppStore|iPhoneSimulator.ActiveCfg = Release|Any CPU
		{71A9584B-6721-4FBF-B512-187549DE5CFF}.AppStore|iPhoneSimulator.Build.0 = Release|Any CPU
		{71A9584B-6721-4FBF-B512-187549DE5CFF}.AppStore|iPhoneSimulator.Deploy.0 = Release|Any CPU
		{71A9584B-6721-4FBF-B512-187549DE5CFF}.AppStore|x64.ActiveCfg = Release|Any CPU
		{71A9584B-6721-4FBF-B512-187549DE5CFF}.AppStore|x64.Build.0 = Release|Any CPU
		{71A9584B-6721-4FBF-B512-187549DE5CFF}.AppStore|x64.Deploy.0 = Release|Any CPU
		{71A9584B-6721-4FBF-B512-187549DE5CFF}.AppStore|x86.ActiveCfg = Release|x86
		{71A9584B-6721-4FBF-B512-187549DE5CFF}.AppStore|x86.Build.0 = Release|x86
		{71A9584B-6721-4FBF-B512-187549DE5CFF}.AppStore|x86.Deploy.0 = Release|x86
		{71A9584B-6721-4FBF-B512-187549DE5CFF}.Debug|Any CPU.ActiveCfg = Debug|Any CPU
		{71A9584B-6721-4FBF-B512-187549DE5CFF}.Debug|Any CPU.Build.0 = Debug|Any CPU
		{71A9584B-6721-4FBF-B512-187549DE5CFF}.Debug|Any CPU.Deploy.0 = Debug|Any CPU
		{71A9584B-6721-4FBF-B512-187549DE5CFF}.Debug|ARM.ActiveCfg = Debug|ARM
		{71A9584B-6721-4FBF-B512-187549DE5CFF}.Debug|ARM.Build.0 = Debug|ARM
		{71A9584B-6721-4FBF-B512-187549DE5CFF}.Debug|ARM.Deploy.0 = Debug|ARM
		{71A9584B-6721-4FBF-B512-187549DE5CFF}.Debug|iPhone.ActiveCfg = Debug|Any CPU
		{71A9584B-6721-4FBF-B512-187549DE5CFF}.Debug|iPhone.Build.0 = Debug|Any CPU
		{71A9584B-6721-4FBF-B512-187549DE5CFF}.Debug|iPhone.Deploy.0 = Debug|Any CPU
		{71A9584B-6721-4FBF-B512-187549DE5CFF}.Debug|iPhoneSimulator.ActiveCfg = Debug|Any CPU
		{71A9584B-6721-4FBF-B512-187549DE5CFF}.Debug|iPhoneSimulator.Build.0 = Debug|Any CPU
		{71A9584B-6721-4FBF-B512-187549DE5CFF}.Debug|iPhoneSimulator.Deploy.0 = Debug|Any CPU
		{71A9584B-6721-4FBF-B512-187549DE5CFF}.Debug|x64.ActiveCfg = Debug|Any CPU
		{71A9584B-6721-4FBF-B512-187549DE5CFF}.Debug|x64.Build.0 = Debug|Any CPU
		{71A9584B-6721-4FBF-B512-187549DE5CFF}.Debug|x64.Deploy.0 = Debug|Any CPU
		{71A9584B-6721-4FBF-B512-187549DE5CFF}.Debug|x86.ActiveCfg = Debug|x86
		{71A9584B-6721-4FBF-B512-187549DE5CFF}.Debug|x86.Build.0 = Debug|x86
		{71A9584B-6721-4FBF-B512-187549DE5CFF}.Debug|x86.Deploy.0 = Debug|x86
		{71A9584B-6721-4FBF-B512-187549DE5CFF}.Release|Any CPU.ActiveCfg = Release|Any CPU
		{71A9584B-6721-4FBF-B512-187549DE5CFF}.Release|Any CPU.Build.0 = Release|Any CPU
		{71A9584B-6721-4FBF-B512-187549DE5CFF}.Release|Any CPU.Deploy.0 = Release|Any CPU
		{71A9584B-6721-4FBF-B512-187549DE5CFF}.Release|ARM.ActiveCfg = Release|ARM
		{71A9584B-6721-4FBF-B512-187549DE5CFF}.Release|ARM.Build.0 = Release|ARM
		{71A9584B-6721-4FBF-B512-187549DE5CFF}.Release|ARM.Deploy.0 = Release|ARM
		{71A9584B-6721-4FBF-B512-187549DE5CFF}.Release|iPhone.ActiveCfg = Release|Any CPU
		{71A9584B-6721-4FBF-B512-187549DE5CFF}.Release|iPhone.Build.0 = Release|Any CPU
		{71A9584B-6721-4FBF-B512-187549DE5CFF}.Release|iPhone.Deploy.0 = Release|Any CPU
		{71A9584B-6721-4FBF-B512-187549DE5CFF}.Release|iPhoneSimulator.ActiveCfg = Release|Any CPU
		{71A9584B-6721-4FBF-B512-187549DE5CFF}.Release|iPhoneSimulator.Build.0 = Release|Any CPU
		{71A9584B-6721-4FBF-B512-187549DE5CFF}.Release|iPhoneSimulator.Deploy.0 = Release|Any CPU
		{71A9584B-6721-4FBF-B512-187549DE5CFF}.Release|x64.ActiveCfg = Release|Any CPU
		{71A9584B-6721-4FBF-B512-187549DE5CFF}.Release|x64.Build.0 = Release|Any CPU
		{71A9584B-6721-4FBF-B512-187549DE5CFF}.Release|x64.Deploy.0 = Release|Any CPU
		{71A9584B-6721-4FBF-B512-187549DE5CFF}.Release|x86.ActiveCfg = Release|x86
		{71A9584B-6721-4FBF-B512-187549DE5CFF}.Release|x86.Build.0 = Release|x86
		{71A9584B-6721-4FBF-B512-187549DE5CFF}.Release|x86.Deploy.0 = Release|x86
		{EBAF98D6-74EC-4A4A-8734-D48C53BD6D80}.Ad-Hoc|Any CPU.ActiveCfg = Release|x86
		{EBAF98D6-74EC-4A4A-8734-D48C53BD6D80}.Ad-Hoc|Any CPU.Build.0 = Release|x86
		{EBAF98D6-74EC-4A4A-8734-D48C53BD6D80}.Ad-Hoc|Any CPU.Deploy.0 = Release|x86
		{EBAF98D6-74EC-4A4A-8734-D48C53BD6D80}.Ad-Hoc|ARM.ActiveCfg = Release|ARM
		{EBAF98D6-74EC-4A4A-8734-D48C53BD6D80}.Ad-Hoc|ARM.Build.0 = Release|ARM
		{EBAF98D6-74EC-4A4A-8734-D48C53BD6D80}.Ad-Hoc|ARM.Deploy.0 = Release|ARM
		{EBAF98D6-74EC-4A4A-8734-D48C53BD6D80}.Ad-Hoc|iPhone.ActiveCfg = Release|x86
		{EBAF98D6-74EC-4A4A-8734-D48C53BD6D80}.Ad-Hoc|iPhone.Build.0 = Release|x86
		{EBAF98D6-74EC-4A4A-8734-D48C53BD6D80}.Ad-Hoc|iPhone.Deploy.0 = Release|x86
		{EBAF98D6-74EC-4A4A-8734-D48C53BD6D80}.Ad-Hoc|iPhoneSimulator.ActiveCfg = Release|x86
		{EBAF98D6-74EC-4A4A-8734-D48C53BD6D80}.Ad-Hoc|iPhoneSimulator.Build.0 = Release|x86
		{EBAF98D6-74EC-4A4A-8734-D48C53BD6D80}.Ad-Hoc|iPhoneSimulator.Deploy.0 = Release|x86
		{EBAF98D6-74EC-4A4A-8734-D48C53BD6D80}.Ad-Hoc|x64.ActiveCfg = Release|x64
		{EBAF98D6-74EC-4A4A-8734-D48C53BD6D80}.Ad-Hoc|x64.Build.0 = Release|x64
		{EBAF98D6-74EC-4A4A-8734-D48C53BD6D80}.Ad-Hoc|x64.Deploy.0 = Release|x64
		{EBAF98D6-74EC-4A4A-8734-D48C53BD6D80}.Ad-Hoc|x86.ActiveCfg = Release|x86
		{EBAF98D6-74EC-4A4A-8734-D48C53BD6D80}.Ad-Hoc|x86.Build.0 = Release|x86
		{EBAF98D6-74EC-4A4A-8734-D48C53BD6D80}.Ad-Hoc|x86.Deploy.0 = Release|x86
		{EBAF98D6-74EC-4A4A-8734-D48C53BD6D80}.AppStore|Any CPU.ActiveCfg = Release|x86
		{EBAF98D6-74EC-4A4A-8734-D48C53BD6D80}.AppStore|Any CPU.Build.0 = Release|x86
		{EBAF98D6-74EC-4A4A-8734-D48C53BD6D80}.AppStore|Any CPU.Deploy.0 = Release|x86
		{EBAF98D6-74EC-4A4A-8734-D48C53BD6D80}.AppStore|ARM.ActiveCfg = Release|ARM
		{EBAF98D6-74EC-4A4A-8734-D48C53BD6D80}.AppStore|ARM.Build.0 = Release|ARM
		{EBAF98D6-74EC-4A4A-8734-D48C53BD6D80}.AppStore|ARM.Deploy.0 = Release|ARM
		{EBAF98D6-74EC-4A4A-8734-D48C53BD6D80}.AppStore|iPhone.ActiveCfg = Release|x86
		{EBAF98D6-74EC-4A4A-8734-D48C53BD6D80}.AppStore|iPhone.Build.0 = Release|x86
		{EBAF98D6-74EC-4A4A-8734-D48C53BD6D80}.AppStore|iPhone.Deploy.0 = Release|x86
		{EBAF98D6-74EC-4A4A-8734-D48C53BD6D80}.AppStore|iPhoneSimulator.ActiveCfg = Release|x86
		{EBAF98D6-74EC-4A4A-8734-D48C53BD6D80}.AppStore|iPhoneSimulator.Build.0 = Release|x86
		{EBAF98D6-74EC-4A4A-8734-D48C53BD6D80}.AppStore|iPhoneSimulator.Deploy.0 = Release|x86
		{EBAF98D6-74EC-4A4A-8734-D48C53BD6D80}.AppStore|x64.ActiveCfg = Release|x64
		{EBAF98D6-74EC-4A4A-8734-D48C53BD6D80}.AppStore|x64.Build.0 = Release|x64
		{EBAF98D6-74EC-4A4A-8734-D48C53BD6D80}.AppStore|x64.Deploy.0 = Release|x64
		{EBAF98D6-74EC-4A4A-8734-D48C53BD6D80}.AppStore|x86.ActiveCfg = Release|x86
		{EBAF98D6-74EC-4A4A-8734-D48C53BD6D80}.AppStore|x86.Build.0 = Release|x86
		{EBAF98D6-74EC-4A4A-8734-D48C53BD6D80}.AppStore|x86.Deploy.0 = Release|x86
		{EBAF98D6-74EC-4A4A-8734-D48C53BD6D80}.Debug|Any CPU.ActiveCfg = Debug|x86
		{EBAF98D6-74EC-4A4A-8734-D48C53BD6D80}.Debug|Any CPU.Build.0 = Debug|x86
		{EBAF98D6-74EC-4A4A-8734-D48C53BD6D80}.Debug|Any CPU.Deploy.0 = Debug|x86
		{EBAF98D6-74EC-4A4A-8734-D48C53BD6D80}.Debug|ARM.ActiveCfg = Debug|ARM
		{EBAF98D6-74EC-4A4A-8734-D48C53BD6D80}.Debug|ARM.Build.0 = Debug|ARM
		{EBAF98D6-74EC-4A4A-8734-D48C53BD6D80}.Debug|ARM.Deploy.0 = Debug|ARM
		{EBAF98D6-74EC-4A4A-8734-D48C53BD6D80}.Debug|iPhone.ActiveCfg = Debug|x86
		{EBAF98D6-74EC-4A4A-8734-D48C53BD6D80}.Debug|iPhoneSimulator.ActiveCfg = Debug|x86
		{EBAF98D6-74EC-4A4A-8734-D48C53BD6D80}.Debug|x64.ActiveCfg = Debug|x64
		{EBAF98D6-74EC-4A4A-8734-D48C53BD6D80}.Debug|x64.Build.0 = Debug|x64
		{EBAF98D6-74EC-4A4A-8734-D48C53BD6D80}.Debug|x64.Deploy.0 = Debug|x64
		{EBAF98D6-74EC-4A4A-8734-D48C53BD6D80}.Debug|x86.ActiveCfg = Debug|x86
		{EBAF98D6-74EC-4A4A-8734-D48C53BD6D80}.Debug|x86.Build.0 = Debug|x86
		{EBAF98D6-74EC-4A4A-8734-D48C53BD6D80}.Debug|x86.Deploy.0 = Debug|x86
		{EBAF98D6-74EC-4A4A-8734-D48C53BD6D80}.Release|Any CPU.ActiveCfg = Release|x86
		{EBAF98D6-74EC-4A4A-8734-D48C53BD6D80}.Release|ARM.ActiveCfg = Release|ARM
		{EBAF98D6-74EC-4A4A-8734-D48C53BD6D80}.Release|ARM.Build.0 = Release|ARM
		{EBAF98D6-74EC-4A4A-8734-D48C53BD6D80}.Release|ARM.Deploy.0 = Release|ARM
		{EBAF98D6-74EC-4A4A-8734-D48C53BD6D80}.Release|iPhone.ActiveCfg = Release|x86
		{EBAF98D6-74EC-4A4A-8734-D48C53BD6D80}.Release|iPhoneSimulator.ActiveCfg = Release|x86
		{EBAF98D6-74EC-4A4A-8734-D48C53BD6D80}.Release|x64.ActiveCfg = Release|x64
		{EBAF98D6-74EC-4A4A-8734-D48C53BD6D80}.Release|x64.Build.0 = Release|x64
		{EBAF98D6-74EC-4A4A-8734-D48C53BD6D80}.Release|x64.Deploy.0 = Release|x64
		{EBAF98D6-74EC-4A4A-8734-D48C53BD6D80}.Release|x86.ActiveCfg = Release|x86
		{EBAF98D6-74EC-4A4A-8734-D48C53BD6D80}.Release|x86.Build.0 = Release|x86
		{EBAF98D6-74EC-4A4A-8734-D48C53BD6D80}.Release|x86.Deploy.0 = Release|x86
		{FD61E81D-B755-4B3E-8844-4A8FC7C61F20}.Ad-Hoc|Any CPU.ActiveCfg = Release|Any CPU
		{FD61E81D-B755-4B3E-8844-4A8FC7C61F20}.Ad-Hoc|Any CPU.Build.0 = Release|Any CPU
		{FD61E81D-B755-4B3E-8844-4A8FC7C61F20}.Ad-Hoc|Any CPU.Deploy.0 = Release|Any CPU
		{FD61E81D-B755-4B3E-8844-4A8FC7C61F20}.Ad-Hoc|ARM.ActiveCfg = Release|ARM
		{FD61E81D-B755-4B3E-8844-4A8FC7C61F20}.Ad-Hoc|ARM.Build.0 = Release|ARM
		{FD61E81D-B755-4B3E-8844-4A8FC7C61F20}.Ad-Hoc|ARM.Deploy.0 = Release|ARM
		{FD61E81D-B755-4B3E-8844-4A8FC7C61F20}.Ad-Hoc|iPhone.ActiveCfg = Release|Any CPU
		{FD61E81D-B755-4B3E-8844-4A8FC7C61F20}.Ad-Hoc|iPhone.Build.0 = Release|Any CPU
		{FD61E81D-B755-4B3E-8844-4A8FC7C61F20}.Ad-Hoc|iPhone.Deploy.0 = Release|Any CPU
		{FD61E81D-B755-4B3E-8844-4A8FC7C61F20}.Ad-Hoc|iPhoneSimulator.ActiveCfg = Release|Any CPU
		{FD61E81D-B755-4B3E-8844-4A8FC7C61F20}.Ad-Hoc|iPhoneSimulator.Build.0 = Release|Any CPU
		{FD61E81D-B755-4B3E-8844-4A8FC7C61F20}.Ad-Hoc|iPhoneSimulator.Deploy.0 = Release|Any CPU
		{FD61E81D-B755-4B3E-8844-4A8FC7C61F20}.Ad-Hoc|x64.ActiveCfg = Release|x64
		{FD61E81D-B755-4B3E-8844-4A8FC7C61F20}.Ad-Hoc|x64.Build.0 = Release|x64
		{FD61E81D-B755-4B3E-8844-4A8FC7C61F20}.Ad-Hoc|x64.Deploy.0 = Release|x64
		{FD61E81D-B755-4B3E-8844-4A8FC7C61F20}.Ad-Hoc|x86.ActiveCfg = Release|x86
		{FD61E81D-B755-4B3E-8844-4A8FC7C61F20}.Ad-Hoc|x86.Build.0 = Release|x86
		{FD61E81D-B755-4B3E-8844-4A8FC7C61F20}.Ad-Hoc|x86.Deploy.0 = Release|x86
		{FD61E81D-B755-4B3E-8844-4A8FC7C61F20}.AppStore|Any CPU.ActiveCfg = Release|Any CPU
		{FD61E81D-B755-4B3E-8844-4A8FC7C61F20}.AppStore|Any CPU.Build.0 = Release|Any CPU
		{FD61E81D-B755-4B3E-8844-4A8FC7C61F20}.AppStore|Any CPU.Deploy.0 = Release|Any CPU
		{FD61E81D-B755-4B3E-8844-4A8FC7C61F20}.AppStore|ARM.ActiveCfg = Release|ARM
		{FD61E81D-B755-4B3E-8844-4A8FC7C61F20}.AppStore|ARM.Build.0 = Release|ARM
		{FD61E81D-B755-4B3E-8844-4A8FC7C61F20}.AppStore|ARM.Deploy.0 = Release|ARM
		{FD61E81D-B755-4B3E-8844-4A8FC7C61F20}.AppStore|iPhone.ActiveCfg = Release|Any CPU
		{FD61E81D-B755-4B3E-8844-4A8FC7C61F20}.AppStore|iPhone.Build.0 = Release|Any CPU
		{FD61E81D-B755-4B3E-8844-4A8FC7C61F20}.AppStore|iPhone.Deploy.0 = Release|Any CPU
		{FD61E81D-B755-4B3E-8844-4A8FC7C61F20}.AppStore|iPhoneSimulator.ActiveCfg = Release|Any CPU
		{FD61E81D-B755-4B3E-8844-4A8FC7C61F20}.AppStore|iPhoneSimulator.Build.0 = Release|Any CPU
		{FD61E81D-B755-4B3E-8844-4A8FC7C61F20}.AppStore|iPhoneSimulator.Deploy.0 = Release|Any CPU
		{FD61E81D-B755-4B3E-8844-4A8FC7C61F20}.AppStore|x64.ActiveCfg = Release|x64
		{FD61E81D-B755-4B3E-8844-4A8FC7C61F20}.AppStore|x64.Build.0 = Release|x64
		{FD61E81D-B755-4B3E-8844-4A8FC7C61F20}.AppStore|x64.Deploy.0 = Release|x64
		{FD61E81D-B755-4B3E-8844-4A8FC7C61F20}.AppStore|x86.ActiveCfg = Release|x86
		{FD61E81D-B755-4B3E-8844-4A8FC7C61F20}.AppStore|x86.Build.0 = Release|x86
		{FD61E81D-B755-4B3E-8844-4A8FC7C61F20}.AppStore|x86.Deploy.0 = Release|x86
		{FD61E81D-B755-4B3E-8844-4A8FC7C61F20}.Debug|Any CPU.ActiveCfg = Debug|Any CPU
		{FD61E81D-B755-4B3E-8844-4A8FC7C61F20}.Debug|Any CPU.Build.0 = Debug|Any CPU
		{FD61E81D-B755-4B3E-8844-4A8FC7C61F20}.Debug|Any CPU.Deploy.0 = Debug|Any CPU
		{FD61E81D-B755-4B3E-8844-4A8FC7C61F20}.Debug|ARM.ActiveCfg = Debug|ARM
		{FD61E81D-B755-4B3E-8844-4A8FC7C61F20}.Debug|ARM.Build.0 = Debug|ARM
		{FD61E81D-B755-4B3E-8844-4A8FC7C61F20}.Debug|ARM.Deploy.0 = Debug|ARM
		{FD61E81D-B755-4B3E-8844-4A8FC7C61F20}.Debug|iPhone.ActiveCfg = Debug|Any CPU
		{FD61E81D-B755-4B3E-8844-4A8FC7C61F20}.Debug|iPhone.Build.0 = Debug|Any CPU
		{FD61E81D-B755-4B3E-8844-4A8FC7C61F20}.Debug|iPhone.Deploy.0 = Debug|Any CPU
		{FD61E81D-B755-4B3E-8844-4A8FC7C61F20}.Debug|iPhoneSimulator.ActiveCfg = Debug|Any CPU
		{FD61E81D-B755-4B3E-8844-4A8FC7C61F20}.Debug|iPhoneSimulator.Build.0 = Debug|Any CPU
		{FD61E81D-B755-4B3E-8844-4A8FC7C61F20}.Debug|iPhoneSimulator.Deploy.0 = Debug|Any CPU
		{FD61E81D-B755-4B3E-8844-4A8FC7C61F20}.Debug|x64.ActiveCfg = Debug|x64
		{FD61E81D-B755-4B3E-8844-4A8FC7C61F20}.Debug|x64.Build.0 = Debug|x64
		{FD61E81D-B755-4B3E-8844-4A8FC7C61F20}.Debug|x64.Deploy.0 = Debug|x64
		{FD61E81D-B755-4B3E-8844-4A8FC7C61F20}.Debug|x86.ActiveCfg = Debug|x86
		{FD61E81D-B755-4B3E-8844-4A8FC7C61F20}.Debug|x86.Build.0 = Debug|x86
		{FD61E81D-B755-4B3E-8844-4A8FC7C61F20}.Debug|x86.Deploy.0 = Debug|x86
		{FD61E81D-B755-4B3E-8844-4A8FC7C61F20}.Release|Any CPU.ActiveCfg = Release|Any CPU
		{FD61E81D-B755-4B3E-8844-4A8FC7C61F20}.Release|Any CPU.Build.0 = Release|Any CPU
		{FD61E81D-B755-4B3E-8844-4A8FC7C61F20}.Release|Any CPU.Deploy.0 = Release|Any CPU
		{FD61E81D-B755-4B3E-8844-4A8FC7C61F20}.Release|ARM.ActiveCfg = Release|ARM
		{FD61E81D-B755-4B3E-8844-4A8FC7C61F20}.Release|ARM.Build.0 = Release|ARM
		{FD61E81D-B755-4B3E-8844-4A8FC7C61F20}.Release|ARM.Deploy.0 = Release|ARM
		{FD61E81D-B755-4B3E-8844-4A8FC7C61F20}.Release|iPhone.ActiveCfg = Release|Any CPU
		{FD61E81D-B755-4B3E-8844-4A8FC7C61F20}.Release|iPhone.Build.0 = Release|Any CPU
		{FD61E81D-B755-4B3E-8844-4A8FC7C61F20}.Release|iPhone.Deploy.0 = Release|Any CPU
		{FD61E81D-B755-4B3E-8844-4A8FC7C61F20}.Release|iPhoneSimulator.ActiveCfg = Release|Any CPU
		{FD61E81D-B755-4B3E-8844-4A8FC7C61F20}.Release|iPhoneSimulator.Build.0 = Release|Any CPU
		{FD61E81D-B755-4B3E-8844-4A8FC7C61F20}.Release|iPhoneSimulator.Deploy.0 = Release|Any CPU
		{FD61E81D-B755-4B3E-8844-4A8FC7C61F20}.Release|x64.ActiveCfg = Release|x64
		{FD61E81D-B755-4B3E-8844-4A8FC7C61F20}.Release|x64.Build.0 = Release|x64
		{FD61E81D-B755-4B3E-8844-4A8FC7C61F20}.Release|x64.Deploy.0 = Release|x64
		{FD61E81D-B755-4B3E-8844-4A8FC7C61F20}.Release|x86.ActiveCfg = Release|x86
		{FD61E81D-B755-4B3E-8844-4A8FC7C61F20}.Release|x86.Build.0 = Release|x86
		{FD61E81D-B755-4B3E-8844-4A8FC7C61F20}.Release|x86.Deploy.0 = Release|x86
		{93EB978D-1FEB-4E9B-93D6-97F047B306FC}.Ad-Hoc|Any CPU.ActiveCfg = Release|Any CPU
		{93EB978D-1FEB-4E9B-93D6-97F047B306FC}.Ad-Hoc|Any CPU.Build.0 = Release|Any CPU
		{93EB978D-1FEB-4E9B-93D6-97F047B306FC}.Ad-Hoc|ARM.ActiveCfg = Release|Any CPU
		{93EB978D-1FEB-4E9B-93D6-97F047B306FC}.Ad-Hoc|ARM.Build.0 = Release|Any CPU
		{93EB978D-1FEB-4E9B-93D6-97F047B306FC}.Ad-Hoc|iPhone.ActiveCfg = Release|Any CPU
		{93EB978D-1FEB-4E9B-93D6-97F047B306FC}.Ad-Hoc|iPhone.Build.0 = Release|Any CPU
		{93EB978D-1FEB-4E9B-93D6-97F047B306FC}.Ad-Hoc|iPhoneSimulator.ActiveCfg = Release|Any CPU
		{93EB978D-1FEB-4E9B-93D6-97F047B306FC}.Ad-Hoc|iPhoneSimulator.Build.0 = Release|Any CPU
		{93EB978D-1FEB-4E9B-93D6-97F047B306FC}.Ad-Hoc|x64.ActiveCfg = Release|Any CPU
		{93EB978D-1FEB-4E9B-93D6-97F047B306FC}.Ad-Hoc|x64.Build.0 = Release|Any CPU
		{93EB978D-1FEB-4E9B-93D6-97F047B306FC}.Ad-Hoc|x86.ActiveCfg = Release|Any CPU
		{93EB978D-1FEB-4E9B-93D6-97F047B306FC}.Ad-Hoc|x86.Build.0 = Release|Any CPU
		{93EB978D-1FEB-4E9B-93D6-97F047B306FC}.AppStore|Any CPU.ActiveCfg = Release|Any CPU
		{93EB978D-1FEB-4E9B-93D6-97F047B306FC}.AppStore|Any CPU.Build.0 = Release|Any CPU
		{93EB978D-1FEB-4E9B-93D6-97F047B306FC}.AppStore|ARM.ActiveCfg = Release|Any CPU
		{93EB978D-1FEB-4E9B-93D6-97F047B306FC}.AppStore|ARM.Build.0 = Release|Any CPU
		{93EB978D-1FEB-4E9B-93D6-97F047B306FC}.AppStore|iPhone.ActiveCfg = Release|Any CPU
		{93EB978D-1FEB-4E9B-93D6-97F047B306FC}.AppStore|iPhone.Build.0 = Release|Any CPU
		{93EB978D-1FEB-4E9B-93D6-97F047B306FC}.AppStore|iPhoneSimulator.ActiveCfg = Release|Any CPU
		{93EB978D-1FEB-4E9B-93D6-97F047B306FC}.AppStore|iPhoneSimulator.Build.0 = Release|Any CPU
		{93EB978D-1FEB-4E9B-93D6-97F047B306FC}.AppStore|x64.ActiveCfg = Release|Any CPU
		{93EB978D-1FEB-4E9B-93D6-97F047B306FC}.AppStore|x64.Build.0 = Release|Any CPU
		{93EB978D-1FEB-4E9B-93D6-97F047B306FC}.AppStore|x86.ActiveCfg = Release|Any CPU
		{93EB978D-1FEB-4E9B-93D6-97F047B306FC}.AppStore|x86.Build.0 = Release|Any CPU
		{93EB978D-1FEB-4E9B-93D6-97F047B306FC}.Debug|Any CPU.ActiveCfg = Debug|Any CPU
		{93EB978D-1FEB-4E9B-93D6-97F047B306FC}.Debug|Any CPU.Build.0 = Debug|Any CPU
		{93EB978D-1FEB-4E9B-93D6-97F047B306FC}.Debug|ARM.ActiveCfg = Debug|Any CPU
		{93EB978D-1FEB-4E9B-93D6-97F047B306FC}.Debug|ARM.Build.0 = Debug|Any CPU
		{93EB978D-1FEB-4E9B-93D6-97F047B306FC}.Debug|iPhone.ActiveCfg = Debug|Any CPU
		{93EB978D-1FEB-4E9B-93D6-97F047B306FC}.Debug|iPhone.Build.0 = Debug|Any CPU
		{93EB978D-1FEB-4E9B-93D6-97F047B306FC}.Debug|iPhoneSimulator.ActiveCfg = Debug|Any CPU
		{93EB978D-1FEB-4E9B-93D6-97F047B306FC}.Debug|iPhoneSimulator.Build.0 = Debug|Any CPU
		{93EB978D-1FEB-4E9B-93D6-97F047B306FC}.Debug|x64.ActiveCfg = Debug|Any CPU
		{93EB978D-1FEB-4E9B-93D6-97F047B306FC}.Debug|x64.Build.0 = Debug|Any CPU
		{93EB978D-1FEB-4E9B-93D6-97F047B306FC}.Debug|x86.ActiveCfg = Debug|Any CPU
		{93EB978D-1FEB-4E9B-93D6-97F047B306FC}.Debug|x86.Build.0 = Debug|Any CPU
		{93EB978D-1FEB-4E9B-93D6-97F047B306FC}.Release|Any CPU.ActiveCfg = Release|Any CPU
		{93EB978D-1FEB-4E9B-93D6-97F047B306FC}.Release|Any CPU.Build.0 = Release|Any CPU
		{93EB978D-1FEB-4E9B-93D6-97F047B306FC}.Release|ARM.ActiveCfg = Release|Any CPU
		{93EB978D-1FEB-4E9B-93D6-97F047B306FC}.Release|ARM.Build.0 = Release|Any CPU
		{93EB978D-1FEB-4E9B-93D6-97F047B306FC}.Release|iPhone.ActiveCfg = Release|Any CPU
		{93EB978D-1FEB-4E9B-93D6-97F047B306FC}.Release|iPhone.Build.0 = Release|Any CPU
		{93EB978D-1FEB-4E9B-93D6-97F047B306FC}.Release|iPhoneSimulator.ActiveCfg = Release|Any CPU
		{93EB978D-1FEB-4E9B-93D6-97F047B306FC}.Release|iPhoneSimulator.Build.0 = Release|Any CPU
		{93EB978D-1FEB-4E9B-93D6-97F047B306FC}.Release|x64.ActiveCfg = Release|Any CPU
		{93EB978D-1FEB-4E9B-93D6-97F047B306FC}.Release|x64.Build.0 = Release|Any CPU
		{93EB978D-1FEB-4E9B-93D6-97F047B306FC}.Release|x86.ActiveCfg = Release|Any CPU
		{93EB978D-1FEB-4E9B-93D6-97F047B306FC}.Release|x86.Build.0 = Release|Any CPU
	EndGlobalSection
	GlobalSection(SolutionProperties) = preSolution
		HideSolutionNode = FALSE
	EndGlobalSection
EndGlobal
